{
  "name": "demo06",
  "version": "1.0.0",
  "lockfileVersion": 1,
  "requires": true,
  "dependencies": {
    "pkgdemo": {
      "version": "file:../pkgdemo/pkgdemo-1.0.0.tgz",
      "integrity": "sha512-kWnNVEOAsdIhr68NTVVJjpE9dNsFqc1C/170iK52UyUySa4xZK+8NImxOn9UoaPDeDeIvvnSg3dddaJMH06yTA=="
    }
  }
}
